
Microsoft Visual Studio Solution File, Format Version 12.00
# Visual Studio Version 17
VisualStudioVersion = 17.2.32505.173
MinimumVisualStudioVersion = 10.0.40219.1
Project("{FAE04EC0-301F-11D3-BF4B-00C04F79EFBC}") = "Checkout.Payment.Api", "Checkout.Payment.Api\Checkout.Payment.Api.csproj", "{13A94D6C-659F-49BA-8BBA-76D821DAC088}"
EndProject
Project("{FAE04EC0-301F-11D3-BF4B-00C04F79EFBC}") = "Checkout.Payment.Core", "Checkout.Payment.Core\Checkout.Payment.Core.csproj", "{00F99E3B-F711-4706-B67D-B4686BFB18C8}"
EndProject
Project("{FAE04EC0-301F-11D3-BF4B-00C04F79EFBC}") = "Checkout.Payment.Infrastructure", "Checkout.Payment.Infrastructure\Checkout.Payment.Infrastructure.csproj", "{1F45B920-3DD1-4FA5-80DE-955F65EBE57F}"
EndProject
Project("{FAE04EC0-301F-11D3-BF4B-00C04F79EFBC}") = "Checkout.Payment.Test", "Checkout.Payment.Test\Checkout.Payment.Test.csproj", "{47B7D516-DF27-4AF0-B4DD-3F461FB0A1FC}"
EndProject
Global
	GlobalSection(SolutionConfigurationPlatforms) = preSolution
		Debug|Any CPU = Debug|Any CPU
		Release|Any CPU = Release|Any CPU
	EndGlobalSection
	GlobalSection(ProjectConfigurationPlatforms) = postSolution
		{13A94D6C-659F-49BA-8BBA-76D821DAC088}.Debug|Any CPU.ActiveCfg = Debug|Any CPU
		{13A94D6C-659F-49BA-8BBA-76D821DAC088}.Debug|Any CPU.Build.0 = Debug|Any CPU
		{13A94D6C-659F-49BA-8BBA-76D821DAC088}.Release|Any CPU.ActiveCfg = Release|Any CPU
		{13A94D6C-659F-49BA-8BBA-76D821DAC088}.Release|Any CPU.Build.0 = Release|Any CPU
		{00F99E3B-F711-4706-B67D-B4686BFB18C8}.Debug|Any CPU.ActiveCfg = Debug|Any CPU
		{00F99E3B-F711-4706-B67D-B4686BFB18C8}.Debug|Any CPU.Build.0 = Debug|Any CPU
		{00F99E3B-F711-4706-B67D-B4686BFB18C8}.Release|Any CPU.ActiveCfg = Release|Any CPU
		{00F99E3B-F711-4706-B67D-B4686BFB18C8}.Release|Any CPU.Build.0 = Release|Any CPU
		{1F45B920-3DD1-4FA5-80DE-955F65EBE57F}.Debug|Any CPU.ActiveCfg = Debug|Any CPU
		{1F45B920-3DD1-4FA5-80DE-955F65EBE57F}.Debug|Any CPU.Build.0 = Debug|Any CPU
		{1F45B920-3DD1-4FA5-80DE-955F65EBE57F}.Release|Any CPU.ActiveCfg = Release|Any CPU
		{1F45B920-3DD1-4FA5-80DE-955F65EBE57F}.Release|Any CPU.Build.0 = Release|Any CPU
		{47B7D516-DF27-4AF0-B4DD-3F461FB0A1FC}.Debug|Any CPU.ActiveCfg = Debug|Any CPU
		{47B7D516-DF27-4AF0-B4DD-3F461FB0A1FC}.Debug|Any CPU.Build.0 = Debug|Any CPU
		{47B7D516-DF27-4AF0-B4DD-3F461FB0A1FC}.Release|Any CPU.ActiveCfg = Release|Any CPU
		{47B7D516-DF27-4AF0-B4DD-3F461FB0A1FC}.Release|Any CPU.Build.0 = Release|Any CPU
	EndGlobalSection
	GlobalSection(SolutionProperties) = preSolution
		HideSolutionNode = FALSE
	EndGlobalSection
	GlobalSection(ExtensibilityGlobals) = postSolution
		SolutionGuid = {E63E1ACC-BDCB-4D45-84C3-09C9987FE0D9}
	EndGlobalSection
EndGlobal
